Microsoft Visual Studio Solution File, Format Version 12.00
# Visual Studio Version 17
VisualStudioVersion = 17.5.2.0
MinimumVisualStudioVersion = 10.0.40219.1
Project("{FAE04EC0-301F-11D3-BF4B-00C04F79EFBC}") = "PseudocodeEditorAPI", "PseudocodeEditorAPI.csproj", "{A5FCC0C1-2765-98E3-90F5-C1A9DB17784D}"
EndProject
Global
	GlobalSection(SolutionConfigurationPlatforms) = preSolution
		Debug|Any CPU = Debug|Any CPU
		Release|Any CPU = Release|Any CPU
	EndGlobalSection
	GlobalSection(ProjectConfigurationPlatforms) = postSolution
		{A5FCC0C1-2765-98E3-90F5-C1A9DB17784D}.Debug|Any CPU.ActiveCfg = Debug|Any CPU
		{A5FCC0C1-2765-98E3-90F5-C1A9DB17784D}.Debug|Any CPU.Build.0 = Debug|Any CPU
		{A5FCC0C1-2765-98E3-90F5-C1A9DB17784D}.Release|Any CPU.ActiveCfg = Release|Any CPU
		{A5FCC0C1-2765-98E3-90F5-C1A9DB17784D}.Release|Any CPU.Build.0 = Release|Any CPU
	EndGlobalSection
	GlobalSection(SolutionProperties) = preSolution
		HideSolutionNode = FALSE
	EndGlobalSection
	GlobalSection(ExtensibilityGlobals) = postSolution
		SolutionGuid = {0825619B-ACA5-4F07-959E-92310BCC00C0}
	EndGlobalSection
EndGlobal
